
Microsoft Visual Studio Solution File, Format Version 12.00
# Visual Studio Version 17
VisualStudioVersion = 17.13.35931.197 d17.13
MinimumVisualStudioVersion = 10.0.40219.1
Project("{FAE04EC0-301F-11D3-BF4B-00C04F79EFBC}") = "bloop_login_regestration", "bloop_login_regestration\bloop_login_regestration.csproj", "{3F316ED8-43CB-4CE8-A9C2-A5741BB16029}"
EndProject
Global
	GlobalSection(SolutionConfigurationPlatforms) = preSolution
		Debug|Any CPU = Debug|Any CPU
		Release|Any CPU = Release|Any CPU
	EndGlobalSection
	GlobalSection(ProjectConfigurationPlatforms) = postSolution
		{3F316ED8-43CB-4CE8-A9C2-A5741BB16029}.Debug|Any CPU.ActiveCfg = Debug|Any CPU
		{3F316ED8-43CB-4CE8-A9C2-A5741BB16029}.Debug|Any CPU.Build.0 = Debug|Any CPU
		{3F316ED8-43CB-4CE8-A9C2-A5741BB16029}.Release|Any CPU.ActiveCfg = Release|Any CPU
		{3F316ED8-43CB-4CE8-A9C2-A5741BB16029}.Release|Any CPU.Build.0 = Release|Any CPU
	EndGlobalSection
	GlobalSection(SolutionProperties) = preSolution
		HideSolutionNode = FALSE
	EndGlobalSection
	GlobalSection(ExtensibilityGlobals) = postSolution
		SolutionGuid = {FBDBF0E0-C034-4CB2-8944-4F6F3F9AE79A}
	EndGlobalSection
EndGlobal
